
Microsoft Visual Studio Solution File, Format Version 12.00
# Visual Studio Version 17
VisualStudioVersion = 17.6.33829.357
MinimumVisualStudioVersion = 10.0.40219.1
Project("{FAE04EC0-301F-11D3-BF4B-00C04F79EFBC}") = "WpfApp_IMTAHAN_TURBO_AZ", "WpfApp_IMTAHAN_TURBO_AZ\WpfApp_IMTAHAN_TURBO_AZ.csproj", "{21FC3D16-C547-4EEB-8EE7-2207129BBEA0}"
EndProject
Global
	GlobalSection(SolutionConfigurationPlatforms) = preSolution
		Debug|Any CPU = Debug|Any CPU
		Release|Any CPU = Release|Any CPU
	EndGlobalSection
	GlobalSection(ProjectConfigurationPlatforms) = postSolution
		{21FC3D16-C547-4EEB-8EE7-2207129BBEA0}.Debug|Any CPU.ActiveCfg = Debug|Any CPU
		{21FC3D16-C547-4EEB-8EE7-2207129BBEA0}.Debug|Any CPU.Build.0 = Debug|Any CPU
		{21FC3D16-C547-4EEB-8EE7-2207129BBEA0}.Release|Any CPU.ActiveCfg = Release|Any CPU
		{21FC3D16-C547-4EEB-8EE7-2207129BBEA0}.Release|Any CPU.Build.0 = Release|Any CPU
	EndGlobalSection
	GlobalSection(SolutionProperties) = preSolution
		HideSolutionNode = FALSE
	EndGlobalSection
	GlobalSection(ExtensibilityGlobals) = postSolution
		SolutionGuid = {5B9ACAC2-272E-42F2-B444-5F44287F36DA}
	EndGlobalSection
EndGlobal
